# Generated by pub
# See http://pub.dartlang.org/doc/glossary.html#lockfile
packages:
  args:
    description: args
    source: hosted
    version: "0.5.20"
  compiler_unsupported:
    description: compiler_unsupported
    source: hosted
    version: "0.5.20"
  http:
    description: http
    source: hosted
    version: "0.5.20"
  logging:
    description: logging
    source: hosted
    version: "0.5.20"
  markdown:
    description: markdown
    source: hosted
    version: "0.5.0"
  meta:
    description: meta
    source: hosted
    version: "0.5.20"
  pathos:
    description: pathos
    source: hosted
    version: "0.5.20"
  scheduled_test:
    description: scheduled_test
    source: hosted
    version: "0.5.20"
  stack_trace:
    description: stack_trace
    source: hosted
    version: "0.5.20"
  unittest:
    description: unittest
    source: hosted
    version: "0.5.20"
